
Microsoft Visual Studio Solution File, Format Version 12.00
# Visual Studio 15
VisualStudioVersion = 15.0.26430.16
MinimumVisualStudioVersion = 10.0.40219.1
Project("{FAE04EC0-301F-11D3-BF4B-00C04F79EFBC}") = "W5", "W5\W5.csproj", "{03CE4A73-E3E8-4FAC-AB1A-F92FC9826E66}"
EndProject
Global
	GlobalSection(SolutionConfigurationPlatforms) = preSolution
		Debug|Any CPU = Debug|Any CPU
		Release|Any CPU = Release|Any CPU
	EndGlobalSection
	GlobalSection(ProjectConfigurationPlatforms) = postSolution
		{03CE4A73-E3E8-4FAC-AB1A-F92FC9826E66}.Debug|Any CPU.ActiveCfg = Debug|Any CPU
		{03CE4A73-E3E8-4FAC-AB1A-F92FC9826E66}.Debug|Any CPU.Build.0 = Debug|Any CPU
		{03CE4A73-E3E8-4FAC-AB1A-F92FC9826E66}.Release|Any CPU.ActiveCfg = Release|Any CPU
		{03CE4A73-E3E8-4FAC-AB1A-F92FC9826E66}.Release|Any CPU.Build.0 = Release|Any CPU
	EndGlobalSection
	GlobalSection(SolutionProperties) = preSolution
		HideSolutionNode = FALSE
	EndGlobalSection
EndGlobal
